
Microsoft Visual Studio Solution File, Format Version 12.00
# Visual Studio Version 16
VisualStudioVersion = 16.0.31205.134
MinimumVisualStudioVersion = 10.0.40219.1
Project("{9A19103F-16F7-4668-BE54-9A1E7A4F7556}") = "ServiceDate.Services", "ServiceDate.Services\ServiceDate.Services.csproj", "{454D2652-2FE7-40F4-8CF7-7BC2BEEC5113}"
EndProject
Project("{9A19103F-16F7-4668-BE54-9A1E7A4F7556}") = "ServiceDate.Tests", "ServiceDate.Tests\ServiceDate.Tests.csproj", "{D9031988-614A-42EF-A4BB-2687E608CE03}"
EndProject
Project("{9A19103F-16F7-4668-BE54-9A1E7A4F7556}") = "ServiceDate.Core", "ServiceDate.Core\ServiceDate.Core.csproj", "{D42B7098-41D1-421A-9F5C-6020A401C2AF}"
EndProject
Project("{9A19103F-16F7-4668-BE54-9A1E7A4F7556}") = "ServiceDate.Api", "ServiceDate.Api\ServiceDate.Api.csproj", "{E0A90122-673F-4FCC-9E75-BC6D68FAD577}"
EndProject
Global
	GlobalSection(SolutionConfigurationPlatforms) = preSolution
		Debug|Any CPU = Debug|Any CPU
		Release|Any CPU = Release|Any CPU
	EndGlobalSection
	GlobalSection(ProjectConfigurationPlatforms) = postSolution
		{454D2652-2FE7-40F4-8CF7-7BC2BEEC5113}.Debug|Any CPU.ActiveCfg = Debug|Any CPU
		{454D2652-2FE7-40F4-8CF7-7BC2BEEC5113}.Debug|Any CPU.Build.0 = Debug|Any CPU
		{454D2652-2FE7-40F4-8CF7-7BC2BEEC5113}.Release|Any CPU.ActiveCfg = Release|Any CPU
		{454D2652-2FE7-40F4-8CF7-7BC2BEEC5113}.Release|Any CPU.Build.0 = Release|Any CPU
		{D9031988-614A-42EF-A4BB-2687E608CE03}.Debug|Any CPU.ActiveCfg = Debug|Any CPU
		{D9031988-614A-42EF-A4BB-2687E608CE03}.Debug|Any CPU.Build.0 = Debug|Any CPU
		{D9031988-614A-42EF-A4BB-2687E608CE03}.Release|Any CPU.ActiveCfg = Release|Any CPU
		{D9031988-614A-42EF-A4BB-2687E608CE03}.Release|Any CPU.Build.0 = Release|Any CPU
		{D42B7098-41D1-421A-9F5C-6020A401C2AF}.Debug|Any CPU.ActiveCfg = Debug|Any CPU
		{D42B7098-41D1-421A-9F5C-6020A401C2AF}.Debug|Any CPU.Build.0 = Debug|Any CPU
		{D42B7098-41D1-421A-9F5C-6020A401C2AF}.Release|Any CPU.ActiveCfg = Release|Any CPU
		{D42B7098-41D1-421A-9F5C-6020A401C2AF}.Release|Any CPU.Build.0 = Release|Any CPU
		{E0A90122-673F-4FCC-9E75-BC6D68FAD577}.Debug|Any CPU.ActiveCfg = Debug|Any CPU
		{E0A90122-673F-4FCC-9E75-BC6D68FAD577}.Debug|Any CPU.Build.0 = Debug|Any CPU
		{E0A90122-673F-4FCC-9E75-BC6D68FAD577}.Release|Any CPU.ActiveCfg = Release|Any CPU
		{E0A90122-673F-4FCC-9E75-BC6D68FAD577}.Release|Any CPU.Build.0 = Release|Any CPU
	EndGlobalSection
	GlobalSection(SolutionProperties) = preSolution
		HideSolutionNode = FALSE
	EndGlobalSection
	GlobalSection(ExtensibilityGlobals) = postSolution
		SolutionGuid = {E544D5E5-51A1-4608-A06A-C8FBAA1125ED}
	EndGlobalSection
EndGlobal
